{
  "name": "@leonetti/ts-to-camel-case",
  "version": "0.0.1",
  "lockfileVersion": 3,
  "requires": true,
  "packages": {
    "": {
      "name": "@leonetti/ts-to-camel-case",
      "version": "0.0.1",
      "license": "ISC",
      "dependencies": {
        "@types/to-snake-case": "^1.0.2",
        "@types/to-space-case": "^1.0.2",
        "to-snake-case": "^1.0.0",
        "to-space-case": "^1.0.0"
      }
    },
    "node_modules/@types/to-snake-case": {
      "version": "1.0.2",
      "resolved": "https://registry.npmjs.org/@types/to-snake-case/-/to-snake-case-1.0.2.tgz",
      "integrity": "sha512-uWcU4i5CsTPECCaqPSzmgdAa2wDFjmHw96RAy6kImMp9hmpn/XLocxNEO2PWoUFNbkV/QwKukfDwVN7bcHXNPg=="
    },
    "node_modules/@types/to-space-case": {
      "version": "1.0.2",
      "resolved": "https://registry.npmjs.org/@types/to-space-case/-/to-space-case-1.0.2.tgz",
      "integrity": "sha512-G6vu/pwvhPkTuPBAgH09wnY2fsnKcVatFraHqvNx9OirSV7Xj2jxsGr+UbeguQihy61T2mWtYcRSjBehr8ISIQ=="
    },
    "node_modules/to-no-case": {
      "version": "1.0.2",
      "resolved": "https://registry.npmjs.org/to-no-case/-/to-no-case-1.0.2.tgz",
      "integrity": "sha512-Z3g735FxuZY8rodxV4gH7LxClE4H0hTIyHNIHdk+vpQxjLm0cwnKXq/OFVZ76SOQmto7txVcwSCwkU5kqp+FKg=="
    },
    "node_modules/to-snake-case": {
      "version": "1.0.0",
      "resolved": "https://registry.npmjs.org/to-snake-case/-/to-snake-case-1.0.0.tgz",
      "integrity": "sha512-joRpzBAk1Bhi2eGEYBjukEWHOe/IvclOkiJl3DtA91jV6NwQ3MwXA4FHYeqk8BNp/D8bmi9tcNbRu/SozP0jbQ==",
      "dependencies": {
        "to-space-case": "^1.0.0"
      }
    },
    "node_modules/to-space-case": {
      "version": "1.0.0",
      "resolved": "https://registry.npmjs.org/to-space-case/-/to-space-case-1.0.0.tgz",
      "integrity": "sha512-rLdvwXZ39VOn1IxGL3V6ZstoTbwLRckQmn/U8ZDLuWwIXNpuZDhQ3AiRUlhTbOXFVE9C+dR51wM0CBDhk31VcA==",
      "dependencies": {
        "to-no-case": "^1.0.0"
      }
    }
  }
}
